
Microsoft Visual Studio Solution File, Format Version 12.00
# Visual Studio 14
VisualStudioVersion = 14.0.24720.0
MinimumVisualStudioVersion = 10.0.40219.1
Project("{FAE04EC0-301F-11D3-BF4B-00C04F79EFBC}") = "USL.GestureDefiner.LeapTrainer", "USL.GestureDefiner.LeapTrainer\USL.GestureDefiner.LeapTrainer.csproj", "{951BC348-A9FD-4A1B-8DF3-C227EB8B1CEE}"
EndProject
Global
	GlobalSection(SolutionConfigurationPlatforms) = preSolution
		Debug|Any CPU = Debug|Any CPU
		Release|Any CPU = Release|Any CPU
	EndGlobalSection
	GlobalSection(ProjectConfigurationPlatforms) = postSolution
		{951BC348-A9FD-4A1B-8DF3-C227EB8B1CEE}.Debug|Any CPU.ActiveCfg = Debug|Any CPU
		{951BC348-A9FD-4A1B-8DF3-C227EB8B1CEE}.Debug|Any CPU.Build.0 = Debug|Any CPU
		{951BC348-A9FD-4A1B-8DF3-C227EB8B1CEE}.Release|Any CPU.ActiveCfg = Release|Any CPU
		{951BC348-A9FD-4A1B-8DF3-C227EB8B1CEE}.Release|Any CPU.Build.0 = Release|Any CPU
	EndGlobalSection
	GlobalSection(SolutionProperties) = preSolution
		HideSolutionNode = FALSE
	EndGlobalSection
EndGlobal
